
Microsoft Visual Studio Solution File, Format Version 12.00
# Visual Studio Version 17
VisualStudioVersion = 17.2.32630.192
MinimumVisualStudioVersion = 10.0.40219.1
Project("{FAE04EC0-301F-11D3-BF4B-00C04F79EFBC}") = "WoodMasters2", "WoodMasters2\WoodMasters2.csproj", "{C66D5CD5-7A36-4CF4-A1E9-764EE0605B3E}"
EndProject
Project("{FAE04EC0-301F-11D3-BF4B-00C04F79EFBC}") = "WoodMasters2.Core", "WoodMasters2.Core\WoodMasters2.Core.csproj", "{F212AA01-D32D-4B4F-A08E-A81E9BDB612D}"
EndProject
Global
	GlobalSection(SolutionConfigurationPlatforms) = preSolution
		Debug|Any CPU = Debug|Any CPU
		Release|Any CPU = Release|Any CPU
	EndGlobalSection
	GlobalSection(ProjectConfigurationPlatforms) = postSolution
		{C66D5CD5-7A36-4CF4-A1E9-764EE0605B3E}.Debug|Any CPU.ActiveCfg = Debug|Any CPU
		{C66D5CD5-7A36-4CF4-A1E9-764EE0605B3E}.Debug|Any CPU.Build.0 = Debug|Any CPU
		{C66D5CD5-7A36-4CF4-A1E9-764EE0605B3E}.Release|Any CPU.ActiveCfg = Release|Any CPU
		{C66D5CD5-7A36-4CF4-A1E9-764EE0605B3E}.Release|Any CPU.Build.0 = Release|Any CPU
		{F212AA01-D32D-4B4F-A08E-A81E9BDB612D}.Debug|Any CPU.ActiveCfg = Debug|Any CPU
		{F212AA01-D32D-4B4F-A08E-A81E9BDB612D}.Debug|Any CPU.Build.0 = Debug|Any CPU
		{F212AA01-D32D-4B4F-A08E-A81E9BDB612D}.Release|Any CPU.ActiveCfg = Release|Any CPU
		{F212AA01-D32D-4B4F-A08E-A81E9BDB612D}.Release|Any CPU.Build.0 = Release|Any CPU
	EndGlobalSection
	GlobalSection(SolutionProperties) = preSolution
		HideSolutionNode = FALSE
	EndGlobalSection
	GlobalSection(ExtensibilityGlobals) = postSolution
		SolutionGuid = {387D513E-9F78-40D8-A52C-81E1FCD65C85}
	EndGlobalSection
EndGlobal
